
Microsoft Visual Studio Solution File, Format Version 12.00
# Visual Studio Version 16
VisualStudioVersion = 16.0.31424.327
MinimumVisualStudioVersion = 10.0.40219.1
Project("{FAE04EC0-301F-11D3-BF4B-00C04F79EFBC}") = "AI.Framework.App.XmlSerializers", "AI.Framework.App.XmlSerializers\AI.Framework.App.XmlSerializers.csproj", "{CD21B9A1-C750-4438-A511-09B44A7F924C}"
EndProject
Project("{FAE04EC0-301F-11D3-BF4B-00C04F79EFBC}") = "VOICeVIO.RemoteControl.CLI", "VOICeVIO.RemoteControl.CLI\VOICeVIO.RemoteControl.CLI.csproj", "{EDA593B1-4621-4DA6-AE24-8C5D19167229}"
EndProject
Global
	GlobalSection(SolutionConfigurationPlatforms) = preSolution
		Debug|Any CPU = Debug|Any CPU
		Release|Any CPU = Release|Any CPU
	EndGlobalSection
	GlobalSection(ProjectConfigurationPlatforms) = postSolution
		{CD21B9A1-C750-4438-A511-09B44A7F924C}.Debug|Any CPU.ActiveCfg = Debug|Any CPU
		{CD21B9A1-C750-4438-A511-09B44A7F924C}.Debug|Any CPU.Build.0 = Debug|Any CPU
		{CD21B9A1-C750-4438-A511-09B44A7F924C}.Release|Any CPU.ActiveCfg = Release|Any CPU
		{CD21B9A1-C750-4438-A511-09B44A7F924C}.Release|Any CPU.Build.0 = Release|Any CPU
		{EDA593B1-4621-4DA6-AE24-8C5D19167229}.Debug|Any CPU.ActiveCfg = Debug|Any CPU
		{EDA593B1-4621-4DA6-AE24-8C5D19167229}.Debug|Any CPU.Build.0 = Debug|Any CPU
		{EDA593B1-4621-4DA6-AE24-8C5D19167229}.Release|Any CPU.ActiveCfg = Release|Any CPU
		{EDA593B1-4621-4DA6-AE24-8C5D19167229}.Release|Any CPU.Build.0 = Release|Any CPU
	EndGlobalSection
	GlobalSection(SolutionProperties) = preSolution
		HideSolutionNode = FALSE
	EndGlobalSection
	GlobalSection(ExtensibilityGlobals) = postSolution
		SolutionGuid = {E447DEC4-650E-42B2-81C6-0C80661CF8AE}
	EndGlobalSection
EndGlobal
